
Microsoft Visual Studio Solution File, Format Version 12.00
# Visual Studio Version 17
VisualStudioVersion = 17.14.36301.6
MinimumVisualStudioVersion = 10.0.40219.1
Project("{FAE04EC0-301F-11D3-BF4B-00C04F79EFBC}") = "Oreda", "Oreda\Oreda.csproj", "{BD1759C5-C971-4BAE-8334-1234C923478E}"
EndProject
Project("{FAE04EC0-301F-11D3-BF4B-00C04F79EFBC}") = "OredaBL", "OredaBL\OredaBL.csproj", "{8CBD4776-1999-4A09-9910-BD3F78C3030A}"
EndProject
Project("{FAE04EC0-301F-11D3-BF4B-00C04F79EFBC}") = "OredaDL", "OredaDL\OredaDL.csproj", "{0C6A6CD4-CDA6-48A7-962C-C9555FA819AA}"
EndProject
Global
	GlobalSection(SolutionConfigurationPlatforms) = preSolution
		Debug|Any CPU = Debug|Any CPU
		Release|Any CPU = Release|Any CPU
	EndGlobalSection
	GlobalSection(ProjectConfigurationPlatforms) = postSolution
		{BD1759C5-C971-4BAE-8334-1234C923478E}.Debug|Any CPU.ActiveCfg = Debug|Any CPU
		{BD1759C5-C971-4BAE-8334-1234C923478E}.Debug|Any CPU.Build.0 = Debug|Any CPU
		{BD1759C5-C971-4BAE-8334-1234C923478E}.Release|Any CPU.ActiveCfg = Release|Any CPU
		{BD1759C5-C971-4BAE-8334-1234C923478E}.Release|Any CPU.Build.0 = Release|Any CPU
		{8CBD4776-1999-4A09-9910-BD3F78C3030A}.Debug|Any CPU.ActiveCfg = Debug|Any CPU
		{8CBD4776-1999-4A09-9910-BD3F78C3030A}.Debug|Any CPU.Build.0 = Debug|Any CPU
		{8CBD4776-1999-4A09-9910-BD3F78C3030A}.Release|Any CPU.ActiveCfg = Release|Any CPU
		{8CBD4776-1999-4A09-9910-BD3F78C3030A}.Release|Any CPU.Build.0 = Release|Any CPU
		{0C6A6CD4-CDA6-48A7-962C-C9555FA819AA}.Debug|Any CPU.ActiveCfg = Debug|Any CPU
		{0C6A6CD4-CDA6-48A7-962C-C9555FA819AA}.Debug|Any CPU.Build.0 = Debug|Any CPU
		{0C6A6CD4-CDA6-48A7-962C-C9555FA819AA}.Release|Any CPU.ActiveCfg = Release|Any CPU
		{0C6A6CD4-CDA6-48A7-962C-C9555FA819AA}.Release|Any CPU.Build.0 = Release|Any CPU
	EndGlobalSection
	GlobalSection(SolutionProperties) = preSolution
		HideSolutionNode = FALSE
	EndGlobalSection
	GlobalSection(ExtensibilityGlobals) = postSolution
		SolutionGuid = {91BCD75A-3D54-4E2A-A737-7618E5B3F277}
	EndGlobalSection
EndGlobal
